
Microsoft Visual Studio Solution File, Format Version 12.00
# Visual Studio Version 17
VisualStudioVersion = 17.4.33122.133
MinimumVisualStudioVersion = 10.0.40219.1
Project("{FAE04EC0-301F-11D3-BF4B-00C04F79EFBC}") = "Weather", "Weather.csproj", "{57D94367-589E-4BFD-87B2-0ADD570011DA}"
EndProject
Global
	GlobalSection(SolutionConfigurationPlatforms) = preSolution
		Debug|Any CPU = Debug|Any CPU
		Release|Any CPU = Release|Any CPU
	EndGlobalSection
	GlobalSection(ProjectConfigurationPlatforms) = postSolution
		{57D94367-589E-4BFD-87B2-0ADD570011DA}.Debug|Any CPU.ActiveCfg = Debug|Any CPU
		{57D94367-589E-4BFD-87B2-0ADD570011DA}.Debug|Any CPU.Build.0 = Debug|Any CPU
		{57D94367-589E-4BFD-87B2-0ADD570011DA}.Release|Any CPU.ActiveCfg = Release|Any CPU
		{57D94367-589E-4BFD-87B2-0ADD570011DA}.Release|Any CPU.Build.0 = Release|Any CPU
	EndGlobalSection
	GlobalSection(SolutionProperties) = preSolution
		HideSolutionNode = FALSE
	EndGlobalSection
	GlobalSection(ExtensibilityGlobals) = postSolution
		SolutionGuid = {CF55C911-C076-480E-B8CC-FF8EA3D7D271}
	EndGlobalSection
EndGlobal
